// !$*UTF8*$!
{
	archiveVersion = 1;
	classes = {
	};
	objectVersion = 50;
	objects = {

/* Begin PBXBuildFile section */
		1333929519F10E3859006536 /* Pods_MusiciansToolkit.framework in Frameworks */ = {isa = PBXBuildFile; fileRef = 0C69AA564617942E90EC2D5C /* Pods_MusiciansToolkit.framework */; };
		23061918219FCAEF004B9986 /* NoteInfo.plist in Resources */ = {isa = PBXBuildFile; fileRef = 23061917219FCAEF004B9986 /* NoteInfo.plist */; };
		232191F3219B83C90008FD19 /* Tuner.swift in Sources */ = {isa = PBXBuildFile; fileRef = 232191F2219B83C90008FD19 /* Tuner.swift */; };
		23429C5D219CDBF5000C8AC0 /* Audio.swift in Sources */ = {isa = PBXBuildFile; fileRef = 23429C5C219CDBF5000C8AC0 /* Audio.swift */; };
		2356DA872197994800D7018A /* Metronome.swift in Sources */ = {isa = PBXBuildFile; fileRef = 2356DA862197994800D7018A /* Metronome.swift */; };
		238B2431218697C700828CBF /* AppDelegate.swift in Sources */ = {isa = PBXBuildFile; fileRef = 238B2430218697C700828CBF /* AppDelegate.swift */; };
		238B2433218697C700828CBF /* ViewController.swift in Sources */ = {isa = PBXBuildFile; fileRef = 238B2432218697C700828CBF /* ViewController.swift */; };
		238B2436218697C700828CBF /* Main.storyboard in Resources */ = {isa = PBXBuildFile; fileRef = 238B2434218697C700828CBF /* Main.storyboard */; };
		238B2438218697CA00828CBF /* Assets.xcassets in Resources */ = {isa = PBXBuildFile; fileRef = 238B2437218697CA00828CBF /* Assets.xcassets */; };
		238B243B218697CA00828CBF /* LaunchScreen.storyboard in Resources */ = {isa = PBXBuildFile; fileRef = 238B2439218697CA00828CBF /* LaunchScreen.storyboard */; };
		238B2446218697CA00828CBF /* MusiciansToolkitTests.swift in Sources */ = {isa = PBXBuildFile; fileRef = 238B2445218697CA00828CBF /* MusiciansToolkitTests.swift */; };
		239F219421A29A2B00A497A9 /* ChordBankTableViewController.swift in Sources */ = {isa = PBXBuildFile; fileRef = 239F219321A29A2B00A497A9 /* ChordBankTableViewController.swift */; };
		239F227121A2A2B500A497A9 /* G#maj.wav in Resources */ = {isa = PBXBuildFile; fileRef = 239F222A21A2A2B500A497A9 /* G#maj.wav */; };
		239F227221A2A2B500A497A9 /* G#min.wav in Resources */ = {isa = PBXBuildFile; fileRef = 239F222B21A2A2B500A497A9 /* G#min.wav */; };
		239F227321A2A2B500A497A9 /* G#min7.wav in Resources */ = {isa = PBXBuildFile; fileRef = 239F222C21A2A2B500A497A9 /* G#min7.wav */; };
		239F227421A2A2B500A497A9 /* G#maj7.wav in Resources */ = {isa = PBXBuildFile; fileRef = 239F222D21A2A2B500A497A9 /* G#maj7.wav */; };
		239F227521A2A2B500A497A9 /* G#7.wav in Resources */ = {isa = PBXBuildFile; fileRef = 239F222E21A2A2B500A497A9 /* G#7.wav */; };
		239F227621A2A2B500A497A9 /* D#min7.wav in Resources */ = {isa = PBXBuildFile; fileRef = 239F223021A2A2B500A497A9 /* D#min7.wav */; };
		239F227721A2A2B500A497A9 /* D#maj.wav in Resources */ = {isa = PBXBuildFile; fileRef = 239F223121A2A2B500A497A9 /* D#maj.wav */; };
		239F227821A2A2B500A497A9 /* D#maj7.wav in Resources */ = {isa = PBXBuildFile; fileRef = 239F223221A2A2B500A497A9 /* D#maj7.wav */; };
		239F227921A2A2B500A497A9 /* D#7.wav in Resources */ = {isa = PBXBuildFile; fileRef = 239F223321A2A2B500A497A9 /* D#7.wav */; };
		239F227A21A2A2B500A497A9 /* D#min.wav in Resources */ = {isa = PBXBuildFile; fileRef = 239F223421A2A2B500A497A9 /* D#min.wav */; };
		239F227B21A2A2B500A497A9 /* C#maj7.wav in Resources */ = {isa = PBXBuildFile; fileRef = 239F223621A2A2B500A497A9 /* C#maj7.wav */; };
		239F227C21A2A2B500A497A9 /* C#min.wav in Resources */ = {isa = PBXBuildFile; fileRef = 239F223721A2A2B500A497A9 /* C#min.wav */; };
		239F227D21A2A2B500A497A9 /* C#min7.wav in Resources */ = {isa = PBXBuildFile; fileRef = 239F223821A2A2B500A497A9 /* C#min7.wav */; };
		239F227E21A2A2B500A497A9 /* C#7.wav in Resources */ = {isa = PBXBuildFile; fileRef = 239F223921A2A2B500A497A9 /* C#7.wav */; };
		239F227F21A2A2B500A497A9 /* C#maj.wav in Resources */ = {isa = PBXBuildFile; fileRef = 239F223A21A2A2B500A497A9 /* C#maj.wav */; };
		239F228021A2A2B500A497A9 /* G7.wav in Resources */ = {isa = PBXBuildFile; fileRef = 239F223C21A2A2B500A497A9 /* G7.wav */; };
		239F228121A2A2B500A497A9 /* Gmaj7.wav in Resources */ = {isa = PBXBuildFile; fileRef = 239F223D21A2A2B500A497A9 /* Gmaj7.wav */; };
		239F228221A2A2B500A497A9 /* Gmin7.wav in Resources */ = {isa = PBXBuildFile; fileRef = 239F223E21A2A2B500A497A9 /* Gmin7.wav */; };
		239F228321A2A2B500A497A9 /* Gmaj.wav in Resources */ = {isa = PBXBuildFile; fileRef = 239F223F21A2A2B500A497A9 /* Gmaj.wav */; };
		239F228421A2A2B500A497A9 /* Gmin.wav in Resources */ = {isa = PBXBuildFile; fileRef = 239F224021A2A2B500A497A9 /* Gmin.wav */; };
		239F228521A2A2B500A497A9 /* Amaj.wav in Resources */ = {isa = PBXBuildFile; fileRef = 239F224221A2A2B500A497A9 /* Amaj.wav */; };
		239F228621A2A2B500A497A9 /* A7.wav in Resources */ = {isa = PBXBuildFile; fileRef = 239F224321A2A2B500A497A9 /* A7.wav */; };
		239F228721A2A2B500A497A9 /* Amin.wav in Resources */ = {isa = PBXBuildFile; fileRef = 239F224421A2A2B500A497A9 /* Amin.wav */; };
		239F228821A2A2B500A497A9 /* Amaj7.wav in Resources */ = {isa = PBXBuildFile; fileRef = 239F224521A2A2B500A497A9 /* Amaj7.wav */; };
		239F228921A2A2B500A497A9 /* Amin7.wav in Resources */ = {isa = PBXBuildFile; fileRef = 239F224621A2A2B500A497A9 /* Amin7.wav */; };
		239F228A21A2A2B500A497A9 /* Fmaj7.wav in Resources */ = {isa = PBXBuildFile; fileRef = 239F224821A2A2B500A497A9 /* Fmaj7.wav */; };
		239F228B21A2A2B500A497A9 /* F7.wav in Resources */ = {isa = PBXBuildFile; fileRef = 239F224921A2A2B500A497A9 /* F7.wav */; };
		239F228C21A2A2B500A497A9 /* Fmin.wav in Resources */ = {isa = PBXBuildFile; fileRef = 239F224A21A2A2B500A497A9 /* Fmin.wav */; };
		239F228D21A2A2B500A497A9 /* Fmin7.wav in Resources */ = {isa = PBXBuildFile; fileRef = 239F224B21A2A2B500A497A9 /* Fmin7.wav */; };
		239F228E21A2A2B500A497A9 /* Fmaj.wav in Resources */ = {isa = PBXBuildFile; fileRef = 239F224C21A2A2B500A497A9 /* Fmaj.wav */; };
		239F228F21A2A2B500A497A9 /* A#min.wav in Resources */ = {isa = PBXBuildFile; fileRef = 239F224E21A2A2B500A497A9 /* A#min.wav */; };
		239F229021A2A2B500A497A9 /* A#maj7.wav in Resources */ = {isa = PBXBuildFile; fileRef = 239F224F21A2A2B500A497A9 /* A#maj7.wav */; };
		239F229121A2A2B500A497A9 /* A#maj.wav in Resources */ = {isa = PBXBuildFile; fileRef = 239F225021A2A2B500A497A9 /* A#maj.wav */; };
		239F229221A2A2B500A497A9 /* A#7.wav in Resources */ = {isa = PBXBuildFile; fileRef = 239F225121A2A2B500A497A9 /* A#7.wav */; };
		239F229321A2A2B500A497A9 /* A#min7.wav in Resources */ = {isa = PBXBuildFile; fileRef = 239F225221A2A2B500A497A9 /* A#min7.wav */; };
		239F229421A2A2B500A497A9 /* F#maj.wav in Resources */ = {isa = PBXBuildFile; fileRef = 239F225421A2A2B500A497A9 /* F#maj.wav */; };
		239F229521A2A2B500A497A9 /* F#min.wav in Resources */ = {isa = PBXBuildFile; fileRef = 239F225521A2A2B500A497A9 /* F#min.wav */; };
		239F229621A2A2B500A497A9 /* F#7.wav in Resources */ = {isa = PBXBuildFile; fileRef = 239F225621A2A2B500A497A9 /* F#7.wav */; };
		239F229721A2A2B500A497A9 /* F#min7.wav in Resources */ = {isa = PBXBuildFile; fileRef = 239F225721A2A2B500A497A9 /* F#min7.wav */; };
		239F229821A2A2B500A497A9 /* F#maj7.wav in Resources */ = {isa = PBXBuildFile; fileRef = 239F225821A2A2B500A497A9 /* F#maj7.wav */; };
		239F229921A2A2B500A497A9 /* Cmaj.wav in Resources */ = {isa = PBXBuildFile; fileRef = 239F225A21A2A2B500A497A9 /* Cmaj.wav */; };
		239F229A21A2A2B500A497A9 /* Cmin.wav in Resources */ = {isa = PBXBuildFile; fileRef = 239F225B21A2A2B500A497A9 /* Cmin.wav */; };
		239F229B21A2A2B500A497A9 /* Cmin7.wav in Resources */ = {isa = PBXBuildFile; fileRef = 239F225C21A2A2B500A497A9 /* Cmin7.wav */; };
		239F229C21A2A2B500A497A9 /* C7.wav in Resources */ = {isa = PBXBuildFile; fileRef = 239F225D21A2A2B500A497A9 /* C7.wav */; };
		239F229D21A2A2B500A497A9 /* Cmaj7.wav in Resources */ = {isa = PBXBuildFile; fileRef = 239F225E21A2A2B500A497A9 /* Cmaj7.wav */; };
		239F229E21A2A2B500A497A9 /* Dmin7.wav in Resources */ = {isa = PBXBuildFile; fileRef = 239F226021A2A2B500A497A9 /* Dmin7.wav */; };
		239F229F21A2A2B500A497A9 /* Dmin.wav in Resources */ = {isa = PBXBuildFile; fileRef = 239F226121A2A2B500A497A9 /* Dmin.wav */; };
		239F22A021A2A2B500A497A9 /* Dmaj7.wav in Resources */ = {isa = PBXBuildFile; fileRef = 239F226221A2A2B500A497A9 /* Dmaj7.wav */; };
		239F22A121A2A2B500A497A9 /* Dmaj.wav in Resources */ = {isa = PBXBuildFile; fileRef = 239F226321A2A2B500A497A9 /* Dmaj.wav */; };
		239F22A221A2A2B500A497A9 /* D7.wav in Resources */ = {isa = PBXBuildFile; fileRef = 239F226421A2A2B500A497A9 /* D7.wav */; };
		239F22A321A2A2B500A497A9 /* Emin7.wav in Resources */ = {isa = PBXBuildFile; fileRef = 239F226621A2A2B500A497A9 /* Emin7.wav */; };
		239F22A421A2A2B500A497A9 /* Emaj.wav in Resources */ = {isa = PBXBuildFile; fileRef = 239F226721A2A2B500A497A9 /* Emaj.wav */; };
		239F22A521A2A2B500A497A9 /* Emaj7.wav in Resources */ = {isa = PBXBuildFile; fileRef = 239F226821A2A2B500A497A9 /* Emaj7.wav */; };
		239F22A621A2A2B500A497A9 /* E7.wav in Resources */ = {isa = PBXBuildFile; fileRef = 239F226921A2A2B500A497A9 /* E7.wav */; };
		239F22A721A2A2B500A497A9 /* Emin.wav in Resources */ = {isa = PBXBuildFile; fileRef = 239F226A21A2A2B500A497A9 /* Emin.wav */; };
		239F22A821A2A2B500A497A9 /* Bmin.wav in Resources */ = {isa = PBXBuildFile; fileRef = 239F226C21A2A2B500A497A9 /* Bmin.wav */; };
		239F22A921A2A2B500A497A9 /* B7.wav in Resources */ = {isa = PBXBuildFile; fileRef = 239F226D21A2A2B500A497A9 /* B7.wav */; };
		239F22AA21A2A2B500A497A9 /* Bmaj.wav in Resources */ = {isa = PBXBuildFile; fileRef = 239F226E21A2A2B500A497A9 /* Bmaj.wav */; };
		239F22AB21A2A2B500A497A9 /* Bmin7.wav in Resources */ = {isa = PBXBuildFile; fileRef = 239F226F21A2A2B500A497A9 /* Bmin7.wav */; };
		239F22AC21A2A2B500A497A9 /* Bmaj7.wav in Resources */ = {isa = PBXBuildFile; fileRef = 239F227021A2A2B500A497A9 /* Bmaj7.wav */; };
		23A5B1612190E1DD00FD2898 /* HomePageCollectionViewController.swift in Sources */ = {isa = PBXBuildFile; fileRef = 23A5B1602190E1DD00FD2898 /* HomePageCollectionViewController.swift */; };
		23A5B1642190E20600FD2898 /* Model.swift in Sources */ = {isa = PBXBuildFile; fileRef = 23A5B1632190E20600FD2898 /* Model.swift */; };
		23AB80A1219BF596006458BF /* TunerViewController.swift in Sources */ = {isa = PBXBuildFile; fileRef = 23AB80A0219BF596006458BF /* TunerViewController.swift */; };
		23EAFFA62190E8350091B0DC /* HomePageCell.swift in Sources */ = {isa = PBXBuildFile; fileRef = 23EAFFA52190E8350091B0DC /* HomePageCell.swift */; };
		23EAFFA82190F68D0091B0DC /* MetronomeViewController.swift in Sources */ = {isa = PBXBuildFile; fileRef = 23EAFFA72190F68D0091B0DC /* MetronomeViewController.swift */; };
		2FCD986EEAA44962ED9152F1 /* Pods_MusiciansToolkitTests.framework in Frameworks */ = {isa = PBXBuildFile; fileRef = 8170211084ECC0D87012855C /* Pods_MusiciansToolkitTests.framework */; };
/* End PBXBuildFile section */

/* Begin PBXContainerItemProxy section */
		238B2442218697CA00828CBF /* PBXContainerItemProxy */ = {
			isa = PBXContainerItemProxy;
			containerPortal = 238B2425218697C700828CBF /* Project object */;
			proxyType = 1;
			remoteGlobalIDString = 238B242C218697C700828CBF;
			remoteInfo = MusiciansToolkit;
		};
/* End PBXContainerItemProxy section */

/* Begin PBXFileReference section */
		0C69AA564617942E90EC2D5C /* Pods_MusiciansToolkit.framework */ = {isa = PBXFileReference; explicitFileType = wrapper.framework; includeInIndex = 0; path = Pods_MusiciansToolkit.framework; sourceTree = BUILT_PRODUCTS_DIR; };
		23061917219FCAEF004B9986 /* NoteInfo.plist */ = {isa = PBXFileReference; lastKnownFileType = text.plist.xml; path = NoteInfo.plist; sourceTree = "<group>"; };
		232191F2219B83C90008FD19 /* Tuner.swift */ = {isa = PBXFileReference; lastKnownFileType = sourcecode.swift; path = Tuner.swift; sourceTree = "<group>"; };
		23429C5C219CDBF5000C8AC0 /* Audio.swift */ = {isa = PBXFileReference; lastKnownFileType = sourcecode.swift; path = Audio.swift; sourceTree = "<group>"; };
		2356DA862197994800D7018A /* Metronome.swift */ = {isa = PBXFileReference; lastKnownFileType = sourcecode.swift; path = Metronome.swift; sourceTree = "<group>"; };
		238B242D218697C700828CBF /* MusiciansToolkit.app */ = {isa = PBXFileReference; explicitFileType = wrapper.application; includeInIndex = 0; path = MusiciansToolkit.app; sourceTree = BUILT_PRODUCTS_DIR; };
		238B2430218697C700828CBF /* AppDelegate.swift */ = {isa = PBXFileReference; lastKnownFileType = sourcecode.swift; path = AppDelegate.swift; sourceTree = "<group>"; };
		238B2432218697C700828CBF /* ViewController.swift */ = {isa = PBXFileReference; lastKnownFileType = sourcecode.swift; path = ViewController.swift; sourceTree = "<group>"; };
		238B2435218697C700828CBF /* Base */ = {isa = PBXFileReference; lastKnownFileType = file.storyboard; name = Base; path = Base.lproj/Main.storyboard; sourceTree = "<group>"; };
		238B2437218697CA00828CBF /* Assets.xcassets */ = {isa = PBXFileReference; lastKnownFileType = folder.assetcatalog; path = Assets.xcassets; sourceTree = "<group>"; };
		238B243A218697CA00828CBF /* Base */ = {isa = PBXFileReference; lastKnownFileType = file.storyboard; name = Base; path = Base.lproj/LaunchScreen.storyboard; sourceTree = "<group>"; };
		238B243C218697CA00828CBF /* Info.plist */ = {isa = PBXFileReference; lastKnownFileType = text.plist.xml; path = Info.plist; sourceTree = "<group>"; };
		238B2441218697CA00828CBF /* MusiciansToolkitTests.xctest */ = {isa = PBXFileReference; explicitFileType = wrapper.cfbundle; includeInIndex = 0; path = MusiciansToolkitTests.xctest; sourceTree = BUILT_PRODUCTS_DIR; };
		238B2445218697CA00828CBF /* MusiciansToolkitTests.swift */ = {isa = PBXFileReference; lastKnownFileType = sourcecode.swift; path = MusiciansToolkitTests.swift; sourceTree = "<group>"; };
		238B2447218697CA00828CBF /* Info.plist */ = {isa = PBXFileReference; lastKnownFileType = text.plist.xml; path = Info.plist; sourceTree = "<group>"; };
		239F219321A29A2B00A497A9 /* ChordBankTableViewController.swift */ = {isa = PBXFileReference; lastKnownFileType = sourcecode.swift; path = ChordBankTableViewController.swift; sourceTree = "<group>"; };
		239F222A21A2A2B500A497A9 /* G#maj.wav */ = {isa = PBXFileReference; lastKnownFileType = audio.wav; path = "G#maj.wav"; sourceTree = "<group>"; };
		239F222B21A2A2B500A497A9 /* G#min.wav */ = {isa = PBXFileReference; lastKnownFileType = audio.wav; path = "G#min.wav"; sourceTree = "<group>"; };
		239F222C21A2A2B500A497A9 /* G#min7.wav */ = {isa = PBXFileReference; lastKnownFileType = audio.wav; path = "G#min7.wav"; sourceTree = "<group>"; };
		239F222D21A2A2B500A497A9 /* G#maj7.wav */ = {isa = PBXFileReference; lastKnownFileType = audio.wav; path = "G#maj7.wav"; sourceTree = "<group>"; };
		239F222E21A2A2B500A497A9 /* G#7.wav */ = {isa = PBXFileReference; lastKnownFileType = audio.wav; path = "G#7.wav"; sourceTree = "<group>"; };
		239F223021A2A2B500A497A9 /* D#min7.wav */ = {isa = PBXFileReference; lastKnownFileType = audio.wav; path = "D#min7.wav"; sourceTree = "<group>"; };
		239F223121A2A2B500A497A9 /* D#maj.wav */ = {isa = PBXFileReference; lastKnownFileType = audio.wav; path = "D#maj.wav"; sourceTree = "<group>"; };
		239F223221A2A2B500A497A9 /* D#maj7.wav */ = {isa = PBXFileReference; lastKnownFileType = audio.wav; path = "D#maj7.wav"; sourceTree = "<group>"; };
		239F223321A2A2B500A497A9 /* D#7.wav */ = {isa = PBXFileReference; lastKnownFileType = audio.wav; path = "D#7.wav"; sourceTree = "<group>"; };
		239F223421A2A2B500A497A9 /* D#min.wav */ = {isa = PBXFileReference; lastKnownFileType = audio.wav; path = "D#min.wav"; sourceTree = "<group>"; };
		239F223621A2A2B500A497A9 /* C#maj7.wav */ = {isa = PBXFileReference; lastKnownFileType = audio.wav; path = "C#maj7.wav"; sourceTree = "<group>"; };
		239F223721A2A2B500A497A9 /* C#min.wav */ = {isa = PBXFileReference; lastKnownFileType = audio.wav; path = "C#min.wav"; sourceTree = "<group>"; };
		239F223821A2A2B500A497A9 /* C#min7.wav */ = {isa = PBXFileReference; lastKnownFileType = audio.wav; path = "C#min7.wav"; sourceTree = "<group>"; };
		239F223921A2A2B500A497A9 /* C#7.wav */ = {isa = PBXFileReference; lastKnownFileType = audio.wav; path = "C#7.wav"; sourceTree = "<group>"; };
		239F223A21A2A2B500A497A9 /* C#maj.wav */ = {isa = PBXFileReference; lastKnownFileType = audio.wav; path = "C#maj.wav"; sourceTree = "<group>"; };
		239F223C21A2A2B500A497A9 /* G7.wav */ = {isa = PBXFileReference; lastKnownFileType = audio.wav; path = G7.wav; sourceTree = "<group>"; };
		239F223D21A2A2B500A497A9 /* Gmaj7.wav */ = {isa = PBXFileReference; lastKnownFileType = audio.wav; path = Gmaj7.wav; sourceTree = "<group>"; };
		239F223E21A2A2B500A497A9 /* Gmin7.wav */ = {isa = PBXFileReference; lastKnownFileType = audio.wav; path = Gmin7.wav; sourceTree = "<group>"; };
		239F223F21A2A2B500A497A9 /* Gmaj.wav */ = {isa = PBXFileReference; lastKnownFileType = audio.wav; path = Gmaj.wav; sourceTree = "<group>"; };
		239F224021A2A2B500A497A9 /* Gmin.wav */ = {isa = PBXFileReference; lastKnownFileType = audio.wav; path = Gmin.wav; sourceTree = "<group>"; };
		239F224221A2A2B500A497A9 /* Amaj.wav */ = {isa = PBXFileReference; lastKnownFileType = audio.wav; path = Amaj.wav; sourceTree = "<group>"; };
		239F224321A2A2B500A497A9 /* A7.wav */ = {isa = PBXFileReference; lastKnownFileType = audio.wav; path = A7.wav; sourceTree = "<group>"; };
		239F224421A2A2B500A497A9 /* Amin.wav */ = {isa = PBXFileReference; lastKnownFileType = audio.wav; path = Amin.wav; sourceTree = "<group>"; };
		239F224521A2A2B500A497A9 /* Amaj7.wav */ = {isa = PBXFileReference; lastKnownFileType = audio.wav; path = Amaj7.wav; sourceTree = "<group>"; };
		239F224621A2A2B500A497A9 /* Amin7.wav */ = {isa = PBXFileReference; lastKnownFileType = audio.wav; path = Amin7.wav; sourceTree = "<group>"; };
		239F224821A2A2B500A497A9 /* Fmaj7.wav */ = {isa = PBXFileReference; lastKnownFileType = audio.wav; path = Fmaj7.wav; sourceTree = "<group>"; };
		239F224921A2A2B500A497A9 /* F7.wav */ = {isa = PBXFileReference; lastKnownFileType = audio.wav; path = F7.wav; sourceTree = "<group>"; };
		239F224A21A2A2B500A497A9 /* Fmin.wav */ = {isa = PBXFileReference; lastKnownFileType = audio.wav; path = Fmin.wav; sourceTree = "<group>"; };
		239F224B21A2A2B500A497A9 /* Fmin7.wav */ = {isa = PBXFileReference; lastKnownFileType = audio.wav; path = Fmin7.wav; sourceTree = "<group>"; };
		239F224C21A2A2B500A497A9 /* Fmaj.wav */ = {isa = PBXFileReference; lastKnownFileType = audio.wav; path = Fmaj.wav; sourceTree = "<group>"; };
		239F224E21A2A2B500A497A9 /* A#min.wav */ = {isa = PBXFileReference; lastKnownFileType = audio.wav; path = "A#min.wav"; sourceTree = "<group>"; };
		239F224F21A2A2B500A497A9 /* A#maj7.wav */ = {isa = PBXFileReference; lastKnownFileType = audio.wav; path = "A#maj7.wav"; sourceTree = "<group>"; };
		239F225021A2A2B500A497A9 /* A#maj.wav */ = {isa = PBXFileReference; lastKnownFileType = audio.wav; path = "A#maj.wav"; sourceTree = "<group>"; };
		239F225121A2A2B500A497A9 /* A#7.wav */ = {isa = PBXFileReference; lastKnownFileType = audio.wav; path = "A#7.wav"; sourceTree = "<group>"; };
		239F225221A2A2B500A497A9 /* A#min7.wav */ = {isa = PBXFileReference; lastKnownFileType = audio.wav; path = "A#min7.wav"; sourceTree = "<group>"; };
		239F225421A2A2B500A497A9 /* F#maj.wav */ = {isa = PBXFileReference; lastKnownFileType = audio.wav; path = "F#maj.wav"; sourceTree = "<group>"; };
		239F225521A2A2B500A497A9 /* F#min.wav */ = {isa = PBXFileReference; lastKnownFileType = audio.wav; path = "F#min.wav"; sourceTree = "<group>"; };
		239F225621A2A2B500A497A9 /* F#7.wav */ = {isa = PBXFileReference; lastKnownFileType = audio.wav; path = "F#7.wav"; sourceTree = "<group>"; };
		239F225721A2A2B500A497A9 /* F#min7.wav */ = {isa = PBXFileReference; lastKnownFileType = audio.wav; path = "F#min7.wav"; sourceTree = "<group>"; };
		239F225821A2A2B500A497A9 /* F#maj7.wav */ = {isa = PBXFileReference; lastKnownFileType = audio.wav; path = "F#maj7.wav"; sourceTree = "<group>"; };
		239F225A21A2A2B500A497A9 /* Cmaj.wav */ = {isa = PBXFileReference; lastKnownFileType = audio.wav; path = Cmaj.wav; sourceTree = "<group>"; };
		239F225B21A2A2B500A497A9 /* Cmin.wav */ = {isa = PBXFileReference; lastKnownFileType = audio.wav; path = Cmin.wav; sourceTree = "<group>"; };
		239F225C21A2A2B500A497A9 /* Cmin7.wav */ = {isa = PBXFileReference; lastKnownFileType = audio.wav; path = Cmin7.wav; sourceTree = "<group>"; };
		239F225D21A2A2B500A497A9 /* C7.wav */ = {isa = PBXFileReference; lastKnownFileType = audio.wav; path = C7.wav; sourceTree = "<group>"; };
		239F225E21A2A2B500A497A9 /* Cmaj7.wav */ = {isa = PBXFileReference; lastKnownFileType = audio.wav; path = Cmaj7.wav; sourceTree = "<group>"; };
		239F226021A2A2B500A497A9 /* Dmin7.wav */ = {isa = PBXFileReference; lastKnownFileType = audio.wav; path = Dmin7.wav; sourceTree = "<group>"; };
		239F226121A2A2B500A497A9 /* Dmin.wav */ = {isa = PBXFileReference; lastKnownFileType = audio.wav; path = Dmin.wav; sourceTree = "<group>"; };
		239F226221A2A2B500A497A9 /* Dmaj7.wav */ = {isa = PBXFileReference; lastKnownFileType = audio.wav; path = Dmaj7.wav; sourceTree = "<group>"; };
		239F226321A2A2B500A497A9 /* Dmaj.wav */ = {isa = PBXFileReference; lastKnownFileType = audio.wav; path = Dmaj.wav; sourceTree = "<group>"; };
		239F226421A2A2B500A497A9 /* D7.wav */ = {isa = PBXFileReference; lastKnownFileType = audio.wav; path = D7.wav; sourceTree = "<group>"; };
		239F226621A2A2B500A497A9 /* Emin7.wav */ = {isa = PBXFileReference; lastKnownFileType = audio.wav; path = Emin7.wav; sourceTree = "<group>"; };
		239F226721A2A2B500A497A9 /* Emaj.wav */ = {isa = PBXFileReference; lastKnownFileType = audio.wav; path = Emaj.wav; sourceTree = "<group>"; };
		239F226821A2A2B500A497A9 /* Emaj7.wav */ = {isa = PBXFileReference; lastKnownFileType = audio.wav; path = Emaj7.wav; sourceTree = "<group>"; };
		239F226921A2A2B500A497A9 /* E7.wav */ = {isa = PBXFileReference; lastKnownFileType = audio.wav; path = E7.wav; sourceTree = "<group>"; };
		239F226A21A2A2B500A497A9 /* Emin.wav */ = {isa = PBXFileReference; lastKnownFileType = audio.wav; path = Emin.wav; sourceTree = "<group>"; };
		239F226C21A2A2B500A497A9 /* Bmin.wav */ = {isa = PBXFileReference; lastKnownFileType = audio.wav; path = Bmin.wav; sourceTree = "<group>"; };
		239F226D21A2A2B500A497A9 /* B7.wav */ = {isa = PBXFileReference; lastKnownFileType = audio.wav; path = B7.wav; sourceTree = "<group>"; };
		239F226E21A2A2B500A497A9 /* Bmaj.wav */ = {isa = PBXFileReference; lastKnownFileType = audio.wav; path = Bmaj.wav; sourceTree = "<group>"; };
		239F226F21A2A2B500A497A9 /* Bmin7.wav */ = {isa = PBXFileReference; lastKnownFileType = audio.wav; path = Bmin7.wav; sourceTree = "<group>"; };
		239F227021A2A2B500A497A9 /* Bmaj7.wav */ = {isa = PBXFileReference; lastKnownFileType = audio.wav; path = Bmaj7.wav; sourceTree = "<group>"; };
		23A5B1602190E1DD00FD2898 /* HomePageCollectionViewController.swift */ = {isa = PBXFileReference; lastKnownFileType = sourcecode.swift; path = HomePageCollectionViewController.swift; sourceTree = "<group>"; };
		23A5B1632190E20600FD2898 /* Model.swift */ = {isa = PBXFileReference; lastKnownFileType = sourcecode.swift; path = Model.swift; sourceTree = "<group>"; };
		23AB80A0219BF596006458BF /* TunerViewController.swift */ = {isa = PBXFileReference; lastKnownFileType = sourcecode.swift; path = TunerViewController.swift; sourceTree = "<group>"; };
		23EAFFA52190E8350091B0DC /* HomePageCell.swift */ = {isa = PBXFileReference; lastKnownFileType = sourcecode.swift; path = HomePageCell.swift; sourceTree = "<group>"; };
		23EAFFA72190F68D0091B0DC /* MetronomeViewController.swift */ = {isa = PBXFileReference; lastKnownFileType = sourcecode.swift; path = MetronomeViewController.swift; sourceTree = "<group>"; };
		8170211084ECC0D87012855C /* Pods_MusiciansToolkitTests.framework */ = {isa = PBXFileReference; explicitFileType = wrapper.framework; includeInIndex = 0; path = Pods_MusiciansToolkitTests.framework; sourceTree = BUILT_PRODUCTS_DIR; };
		9DC4D9A874B19981F29540AE /* Pods-MusiciansToolkit.debug.xcconfig */ = {isa = PBXFileReference; includeInIndex = 1; lastKnownFileType = text.xcconfig; name = "Pods-MusiciansToolkit.debug.xcconfig"; path = "Target Support Files/Pods-MusiciansToolkit/Pods-MusiciansToolkit.debug.xcconfig"; sourceTree = "<group>"; };
		9F87A25FE4706D6C3F5D25CF /* Pods-MusiciansToolkitTests.release.xcconfig */ = {isa = PBXFileReference; includeInIndex = 1; lastKnownFileType = text.xcconfig; name = "Pods-MusiciansToolkitTests.release.xcconfig"; path = "Target Support Files/Pods-MusiciansToolkitTests/Pods-MusiciansToolkitTests.release.xcconfig"; sourceTree = "<group>"; };
		E802975274F1A1E3926E4E91 /* Pods-MusiciansToolkitTests.debug.xcconfig */ = {isa = PBXFileReference; includeInIndex = 1; lastKnownFileType = text.xcconfig; name = "Pods-MusiciansToolkitTests.debug.xcconfig"; path = "Target Support Files/Pods-MusiciansToolkitTests/Pods-MusiciansToolkitTests.debug.xcconfig"; sourceTree = "<group>"; };
		FE30C49992700F74E54EB02D /* Pods-MusiciansToolkit.release.xcconfig */ = {isa = PBXFileReference; includeInIndex = 1; lastKnownFileType = text.xcconfig; name = "Pods-MusiciansToolkit.release.xcconfig"; path = "Target Support Files/Pods-MusiciansToolkit/Pods-MusiciansToolkit.release.xcconfig"; sourceTree = "<group>"; };
/* End PBXFileReference section */

/* Begin PBXFrameworksBuildPhase section */
		238B242A218697C700828CBF /* Frameworks */ = {
			isa = PBXFrameworksBuildPhase;
			buildActionMask = 2147483647;
			files = (
				1333929519F10E3859006536 /* Pods_MusiciansToolkit.framework in Frameworks */,
			);
			runOnlyForDeploymentPostprocessing = 0;
		};
		238B243E218697CA00828CBF /* Frameworks */ = {
			isa = PBXFrameworksBuildPhase;
			buildActionMask = 2147483647;
			files = (
				2FCD986EEAA44962ED9152F1 /* Pods_MusiciansToolkitTests.framework in Frameworks */,
			);
			runOnlyForDeploymentPostprocessing = 0;
		};
/* End PBXFrameworksBuildPhase section */

/* Begin PBXGroup section */
		232191F4219B83D00008FD19 /* Tuner */ = {
			isa = PBXGroup;
			children = (
				23061917219FCAEF004B9986 /* NoteInfo.plist */,
				232191F2219B83C90008FD19 /* Tuner.swift */,
				23AB80A0219BF596006458BF /* TunerViewController.swift */,
			);
			path = Tuner;
			sourceTree = "<group>";
		};
		238B2424218697C700828CBF = {
			isa = PBXGroup;
			children = (
				238B242F218697C700828CBF /* MusiciansToolkit */,
				238B2444218697CA00828CBF /* MusiciansToolkitTests */,
				238B242E218697C700828CBF /* Products */,
				A738B33E355724291650519F /* Pods */,
				DA31C021A77710CC567C7A51 /* Frameworks */,
			);
			sourceTree = "<group>";
		};
		238B242E218697C700828CBF /* Products */ = {
			isa = PBXGroup;
			children = (
				238B242D218697C700828CBF /* MusiciansToolkit.app */,
				238B2441218697CA00828CBF /* MusiciansToolkitTests.xctest */,
			);
			name = Products;
			sourceTree = "<group>";
		};
		238B242F218697C700828CBF /* MusiciansToolkit */ = {
			isa = PBXGroup;
			children = (
				239F219521A29A5400A497A9 /* Chord Bank */,
				232191F4219B83D00008FD19 /* Tuner */,
				23EAFFA92190F8B20091B0DC /* Metronome */,
				238B2430218697C700828CBF /* AppDelegate.swift */,
				238B2432218697C700828CBF /* ViewController.swift */,
				238B2434218697C700828CBF /* Main.storyboard */,
				23A5B1632190E20600FD2898 /* Model.swift */,
				23429C5C219CDBF5000C8AC0 /* Audio.swift */,
				23A5B1622190E1E200FD2898 /* HomePage */,
				238B2437218697CA00828CBF /* Assets.xcassets */,
				238B2439218697CA00828CBF /* LaunchScreen.storyboard */,
				238B243C218697CA00828CBF /* Info.plist */,
			);
			path = MusiciansToolkit;
			sourceTree = "<group>";
		};
		238B2444218697CA00828CBF /* MusiciansToolkitTests */ = {
			isa = PBXGroup;
			children = (
				238B2445218697CA00828CBF /* MusiciansToolkitTests.swift */,
				238B2447218697CA00828CBF /* Info.plist */,
			);
			path = MusiciansToolkitTests;
			sourceTree = "<group>";
		};
		239F219521A29A5400A497A9 /* Chord Bank */ = {
			isa = PBXGroup;
			children = (
				239F219321A29A2B00A497A9 /* ChordBankTableViewController.swift */,
				239F222821A2A2B500A497A9 /* Sounds */,
			);
			path = "Chord Bank";
			sourceTree = "<group>";
		};
		239F222821A2A2B500A497A9 /* Sounds */ = {
			isa = PBXGroup;
			children = (
				239F222921A2A2B500A497A9 /* G# */,
				239F222F21A2A2B500A497A9 /* D# */,
				239F223521A2A2B500A497A9 /* C# */,
				239F223B21A2A2B500A497A9 /* G */,
				239F224121A2A2B500A497A9 /* A */,
				239F224721A2A2B500A497A9 /* F */,
				239F224D21A2A2B500A497A9 /* A# */,
				239F225321A2A2B500A497A9 /* F# */,
				239F225921A2A2B500A497A9 /* C */,
				239F225F21A2A2B500A497A9 /* D */,
				239F226521A2A2B500A497A9 /* E */,
				239F226B21A2A2B500A497A9 /* B */,
			);
			path = Sounds;
			sourceTree = "<group>";
		};
		239F222921A2A2B500A497A9 /* G# */ = {
			isa = PBXGroup;
			children = (
				239F222A21A2A2B500A497A9 /* G#maj.wav */,
				239F222B21A2A2B500A497A9 /* G#min.wav */,
				239F222C21A2A2B500A497A9 /* G#min7.wav */,
				239F222D21A2A2B500A497A9 /* G#maj7.wav */,
				239F222E21A2A2B500A497A9 /* G#7.wav */,
			);
			path = "G#";
			sourceTree = "<group>";
		};
		239F222F21A2A2B500A497A9 /* D# */ = {
			isa = PBXGroup;
			children = (
				239F223021A2A2B500A497A9 /* D#min7.wav */,
				239F223121A2A2B500A497A9 /* D#maj.wav */,
				239F223221A2A2B500A497A9 /* D#maj7.wav */,
				239F223321A2A2B500A497A9 /* D#7.wav */,
				239F223421A2A2B500A497A9 /* D#min.wav */,
			);
			path = "D#";
			sourceTree = "<group>";
		};
		239F223521A2A2B500A497A9 /* C# */ = {
			isa = PBXGroup;
			children = (
				239F223621A2A2B500A497A9 /* C#maj7.wav */,
				239F223721A2A2B500A497A9 /* C#min.wav */,
				239F223821A2A2B500A497A9 /* C#min7.wav */,
				239F223921A2A2B500A497A9 /* C#7.wav */,
				239F223A21A2A2B500A497A9 /* C#maj.wav */,
			);
			path = "C#";
			sourceTree = "<group>";
		};
		239F223B21A2A2B500A497A9 /* G */ = {
			isa = PBXGroup;
			children = (
				239F223C21A2A2B500A497A9 /* G7.wav */,
				239F223D21A2A2B500A497A9 /* Gmaj7.wav */,
				239F223E21A2A2B500A497A9 /* Gmin7.wav */,
				239F223F21A2A2B500A497A9 /* Gmaj.wav */,
				239F224021A2A2B500A497A9 /* Gmin.wav */,
			);
			path = G;
			sourceTree = "<group>";
		};
		239F224121A2A2B500A497A9 /* A */ = {
			isa = PBXGroup;
			children = (
				239F224221A2A2B500A497A9 /* Amaj.wav */,
				239F224321A2A2B500A497A9 /* A7.wav */,
				239F224421A2A2B500A497A9 /* Amin.wav */,
				239F224521A2A2B500A497A9 /* Amaj7.wav */,
				239F224621A2A2B500A497A9 /* Amin7.wav */,
			);
			path = A;
			sourceTree = "<group>";
		};
		239F224721A2A2B500A497A9 /* F */ = {
			isa = PBXGroup;
			children = (
				239F224821A2A2B500A497A9 /* Fmaj7.wav */,
				239F224921A2A2B500A497A9 /* F7.wav */,
				239F224A21A2A2B500A497A9 /* Fmin.wav */,
				239F224B21A2A2B500A497A9 /* Fmin7.wav */,
				239F224C21A2A2B500A497A9 /* Fmaj.wav */,
			);
			path = F;
			sourceTree = "<group>";
		};
		239F224D21A2A2B500A497A9 /* A# */ = {
			isa = PBXGroup;
			children = (
				239F224E21A2A2B500A497A9 /* A#min.wav */,
				239F224F21A2A2B500A497A9 /* A#maj7.wav */,
				239F225021A2A2B500A497A9 /* A#maj.wav */,
				239F225121A2A2B500A497A9 /* A#7.wav */,
				239F225221A2A2B500A497A9 /* A#min7.wav */,
			);
			path = "A#";
			sourceTree = "<group>";
		};
		239F225321A2A2B500A497A9 /* F# */ = {
			isa = PBXGroup;
			children = (
				239F225421A2A2B500A497A9 /* F#maj.wav */,
				239F225521A2A2B500A497A9 /* F#min.wav */,
				239F225621A2A2B500A497A9 /* F#7.wav */,
				239F225721A2A2B500A497A9 /* F#min7.wav */,
				239F225821A2A2B500A497A9 /* F#maj7.wav */,
			);
			path = "F#";
			sourceTree = "<group>";
		};
		239F225921A2A2B500A497A9 /* C */ = {
			isa = PBXGroup;
			children = (
				239F225A21A2A2B500A497A9 /* Cmaj.wav */,
				239F225B21A2A2B500A497A9 /* Cmin.wav */,
				239F225C21A2A2B500A497A9 /* Cmin7.wav */,
				239F225D21A2A2B500A497A9 /* C7.wav */,
				239F225E21A2A2B500A497A9 /* Cmaj7.wav */,
			);
			path = C;
			sourceTree = "<group>";
		};
		239F225F21A2A2B500A497A9 /* D */ = {
			isa = PBXGroup;
			children = (
				239F226021A2A2B500A497A9 /* Dmin7.wav */,
				239F226121A2A2B500A497A9 /* Dmin.wav */,
				239F226221A2A2B500A497A9 /* Dmaj7.wav */,
				239F226321A2A2B500A497A9 /* Dmaj.wav */,
				239F226421A2A2B500A497A9 /* D7.wav */,
			);
			path = D;
			sourceTree = "<group>";
		};
		239F226521A2A2B500A497A9 /* E */ = {
			isa = PBXGroup;
			children = (
				239F226621A2A2B500A497A9 /* Emin7.wav */,
				239F226721A2A2B500A497A9 /* Emaj.wav */,
				239F226821A2A2B500A497A9 /* Emaj7.wav */,
				239F226921A2A2B500A497A9 /* E7.wav */,
				239F226A21A2A2B500A497A9 /* Emin.wav */,
			);
			path = E;
			sourceTree = "<group>";
		};
		239F226B21A2A2B500A497A9 /* B */ = {
			isa = PBXGroup;
			children = (
				239F226C21A2A2B500A497A9 /* Bmin.wav */,
				239F226D21A2A2B500A497A9 /* B7.wav */,
				239F226E21A2A2B500A497A9 /* Bmaj.wav */,
				239F226F21A2A2B500A497A9 /* Bmin7.wav */,
				239F227021A2A2B500A497A9 /* Bmaj7.wav */,
			);
			path = B;
			sourceTree = "<group>";
		};
		23A5B1622190E1E200FD2898 /* HomePage */ = {
			isa = PBXGroup;
			children = (
				23A5B1602190E1DD00FD2898 /* HomePageCollectionViewController.swift */,
				23EAFFA52190E8350091B0DC /* HomePageCell.swift */,
			);
			path = HomePage;
			sourceTree = "<group>";
		};
		23EAFFA92190F8B20091B0DC /* Metronome */ = {
			isa = PBXGroup;
			children = (
				23EAFFA72190F68D0091B0DC /* MetronomeViewController.swift */,
				2356DA862197994800D7018A /* Metronome.swift */,
			);
			path = Metronome;
			sourceTree = "<group>";
		};
		A738B33E355724291650519F /* Pods */ = {
			isa = PBXGroup;
			children = (
				9DC4D9A874B19981F29540AE /* Pods-MusiciansToolkit.debug.xcconfig */,
				FE30C49992700F74E54EB02D /* Pods-MusiciansToolkit.release.xcconfig */,
				E802975274F1A1E3926E4E91 /* Pods-MusiciansToolkitTests.debug.xcconfig */,
				9F87A25FE4706D6C3F5D25CF /* Pods-MusiciansToolkitTests.release.xcconfig */,
			);
			path = Pods;
			sourceTree = "<group>";
		};
		DA31C021A77710CC567C7A51 /* Frameworks */ = {
			isa = PBXGroup;
			children = (
				0C69AA564617942E90EC2D5C /* Pods_MusiciansToolkit.framework */,
				8170211084ECC0D87012855C /* Pods_MusiciansToolkitTests.framework */,
			);
			name = Frameworks;
			sourceTree = "<group>";
		};
/* End PBXGroup section */

/* Begin PBXNativeTarget section */
		238B242C218697C700828CBF /* MusiciansToolkit */ = {
			isa = PBXNativeTarget;
			buildConfigurationList = 238B244A218697CA00828CBF /* Build configuration list for PBXNativeTarget "MusiciansToolkit" */;
			buildPhases = (
				7BFE21EC2A47376D74B0BA88 /* [CP] Check Pods Manifest.lock */,
				238B2429218697C700828CBF /* Sources */,
				238B242A218697C700828CBF /* Frameworks */,
				238B242B218697C700828CBF /* Resources */,
			);
			buildRules = (
			);
			dependencies = (
			);
			name = MusiciansToolkit;
			productName = MusiciansToolkit;
			productReference = 238B242D218697C700828CBF /* MusiciansToolkit.app */;
			productType = "com.apple.product-type.application";
		};
		238B2440218697CA00828CBF /* MusiciansToolkitTests */ = {
			isa = PBXNativeTarget;
			buildConfigurationList = 238B244D218697CA00828CBF /* Build configuration list for PBXNativeTarget "MusiciansToolkitTests" */;
			buildPhases = (
				5B4683F309D943CCA8C1720C /* [CP] Check Pods Manifest.lock */,
				238B243D218697CA00828CBF /* Sources */,
				238B243E218697CA00828CBF /* Frameworks */,
				238B243F218697CA00828CBF /* Resources */,
			);
			buildRules = (
			);
			dependencies = (
				238B2443218697CA00828CBF /* PBXTargetDependency */,
			);
			name = MusiciansToolkitTests;
			productName = MusiciansToolkitTests;
			productReference = 238B2441218697CA00828CBF /* MusiciansToolkitTests.xctest */;
			productType = "com.apple.product-type.bundle.unit-test";
		};
/* End PBXNativeTarget section */

/* Begin PBXProject section */
		238B2425218697C700828CBF /* Project object */ = {
			isa = PBXProject;
			attributes = {
				LastSwiftUpdateCheck = 0930;
				LastUpgradeCheck = 0930;
				ORGANIZATIONNAME = "Mark Pizzutillo";
				TargetAttributes = {
					238B242C218697C700828CBF = {
						CreatedOnToolsVersion = 9.3.1;
					};
					238B2440218697CA00828CBF = {
						CreatedOnToolsVersion = 9.3.1;
						TestTargetID = 238B242C218697C700828CBF;
					};
				};
			};
			buildConfigurationList = 238B2428218697C700828CBF /* Build configuration list for PBXProject "MusiciansToolkit" */;
			compatibilityVersion = "Xcode 9.3";
			developmentRegion = en;
			hasScannedForEncodings = 0;
			knownRegions = (
				en,
				Base,
			);
			mainGroup = 238B2424218697C700828CBF;
			productRefGroup = 238B242E218697C700828CBF /* Products */;
			projectDirPath = "";
			projectRoot = "";
			targets = (
				238B242C218697C700828CBF /* MusiciansToolkit */,
				238B2440218697CA00828CBF /* MusiciansToolkitTests */,
			);
		};
/* End PBXProject section */

/* Begin PBXResourcesBuildPhase section */
		238B242B218697C700828CBF /* Resources */ = {
			isa = PBXResourcesBuildPhase;
			buildActionMask = 2147483647;
			files = (
				239F228621A2A2B500A497A9 /* A7.wav in Resources */,
				239F228021A2A2B500A497A9 /* G7.wav in Resources */,
				238B243B218697CA00828CBF /* LaunchScreen.storyboard in Resources */,
				239F227221A2A2B500A497A9 /* G#min.wav in Resources */,
				239F22A721A2A2B500A497A9 /* Emin.wav in Resources */,
				239F228A21A2A2B500A497A9 /* Fmaj7.wav in Resources */,
				239F229021A2A2B500A497A9 /* A#maj7.wav in Resources */,
				239F229321A2A2B500A497A9 /* A#min7.wav in Resources */,
				239F227121A2A2B500A497A9 /* G#maj.wav in Resources */,
				238B2438218697CA00828CBF /* Assets.xcassets in Resources */,
				239F228F21A2A2B500A497A9 /* A#min.wav in Resources */,
				239F227821A2A2B500A497A9 /* D#maj7.wav in Resources */,
				239F228B21A2A2B500A497A9 /* F7.wav in Resources */,
				239F22A521A2A2B500A497A9 /* Emaj7.wav in Resources */,
				239F22A021A2A2B500A497A9 /* Dmaj7.wav in Resources */,
				239F229D21A2A2B500A497A9 /* Cmaj7.wav in Resources */,
				239F228321A2A2B500A497A9 /* Gmaj.wav in Resources */,
				239F228421A2A2B500A497A9 /* Gmin.wav in Resources */,
				239F229421A2A2B500A497A9 /* F#maj.wav in Resources */,
				239F22A321A2A2B500A497A9 /* Emin7.wav in Resources */,
				23061918219FCAEF004B9986 /* NoteInfo.plist in Resources */,
				238B2436218697C700828CBF /* Main.storyboard in Resources */,
				239F227B21A2A2B500A497A9 /* C#maj7.wav in Resources */,
				239F228C21A2A2B500A497A9 /* Fmin.wav in Resources */,
				239F229E21A2A2B500A497A9 /* Dmin7.wav in Resources */,
				239F228521A2A2B500A497A9 /* Amaj.wav in Resources */,
				239F228821A2A2B500A497A9 /* Amaj7.wav in Resources */,
				239F22A621A2A2B500A497A9 /* E7.wav in Resources */,
				239F22AA21A2A2B500A497A9 /* Bmaj.wav in Resources */,
				239F227921A2A2B500A497A9 /* D#7.wav in Resources */,
				239F22A121A2A2B500A497A9 /* Dmaj.wav in Resources */,
				239F227721A2A2B500A497A9 /* D#maj.wav in Resources */,
				239F22A221A2A2B500A497A9 /* D7.wav in Resources */,
				239F228221A2A2B500A497A9 /* Gmin7.wav in Resources */,
				239F227621A2A2B500A497A9 /* D#min7.wav in Resources */,
				239F229521A2A2B500A497A9 /* F#min.wav in Resources */,
				239F227A21A2A2B500A497A9 /* D#min.wav in Resources */,
				239F229621A2A2B500A497A9 /* F#7.wav in Resources */,
				239F228D21A2A2B500A497A9 /* Fmin7.wav in Resources */,
				239F229F21A2A2B500A497A9 /* Dmin.wav in Resources */,
				239F227F21A2A2B500A497A9 /* C#maj.wav in Resources */,
				239F229221A2A2B500A497A9 /* A#7.wav in Resources */,
				239F229921A2A2B500A497A9 /* Cmaj.wav in Resources */,
				239F229B21A2A2B500A497A9 /* Cmin7.wav in Resources */,
				239F228921A2A2B500A497A9 /* Amin7.wav in Resources */,
				239F22AB21A2A2B500A497A9 /* Bmin7.wav in Resources */,
				239F22A421A2A2B500A497A9 /* Emaj.wav in Resources */,
				239F227E21A2A2B500A497A9 /* C#7.wav in Resources */,
				239F22A821A2A2B500A497A9 /* Bmin.wav in Resources */,
				239F227D21A2A2B500A497A9 /* C#min7.wav in Resources */,
				239F229821A2A2B500A497A9 /* F#maj7.wav in Resources */,
				239F227521A2A2B500A497A9 /* G#7.wav in Resources */,
				239F229A21A2A2B500A497A9 /* Cmin.wav in Resources */,
				239F228721A2A2B500A497A9 /* Amin.wav in Resources */,
				239F22AC21A2A2B500A497A9 /* Bmaj7.wav in Resources */,
				239F22A921A2A2B500A497A9 /* B7.wav in Resources */,
				239F229721A2A2B500A497A9 /* F#min7.wav in Resources */,
				239F227321A2A2B500A497A9 /* G#min7.wav in Resources */,
				239F228E21A2A2B500A497A9 /* Fmaj.wav in Resources */,
				239F227421A2A2B500A497A9 /* G#maj7.wav in Resources */,
				239F229C21A2A2B500A497A9 /* C7.wav in Resources */,
				239F228121A2A2B500A497A9 /* Gmaj7.wav in Resources */,
				239F227C21A2A2B500A497A9 /* C#min.wav in Resources */,
				239F229121A2A2B500A497A9 /* A#maj.wav in Resources */,
			);
			runOnlyForDeploymentPostprocessing = 0;
		};
		238B243F218697CA00828CBF /* Resources */ = {
			isa = PBXResourcesBuildPhase;
			buildActionMask = 2147483647;
			files = (
			);
			runOnlyForDeploymentPostprocessing = 0;
		};
/* End PBXResourcesBuildPhase section */

/* Begin PBXShellScriptBuildPhase section */
		5B4683F309D943CCA8C1720C /* [CP] Check Pods Manifest.lock */ = {
			isa = PBXShellScriptBuildPhase;
			buildActionMask = 2147483647;
			files = (
			);
			inputFileListPaths = (
			);
			inputPaths = (
				"${PODS_PODFILE_DIR_PATH}/Podfile.lock",
				"${PODS_ROOT}/Manifest.lock",
			);
			name = "[CP] Check Pods Manifest.lock";
			outputFileListPaths = (
			);
			outputPaths = (
				"$(DERIVED_FILE_DIR)/Pods-MusiciansToolkitTests-checkManifestLockResult.txt",
			);
			runOnlyForDeploymentPostprocessing = 0;
			shellPath = /bin/sh;
			shellScript = "diff \"${PODS_PODFILE_DIR_PATH}/Podfile.lock\" \"${PODS_ROOT}/Manifest.lock\" > /dev/null\nif [ $? != 0 ] ; then\n    # print error to STDERR\n    echo \"error: The sandbox is not in sync with the Podfile.lock. Run 'pod install' or update your CocoaPods installation.\" >&2\n    exit 1\nfi\n# This output is used by Xcode 'outputs' to avoid re-running this script phase.\necho \"SUCCESS\" > \"${SCRIPT_OUTPUT_FILE_0}\"\n";
			showEnvVarsInLog = 0;
		};
		7BFE21EC2A47376D74B0BA88 /* [CP] Check Pods Manifest.lock */ = {
			isa = PBXShellScriptBuildPhase;
			buildActionMask = 2147483647;
			files = (
			);
			inputFileListPaths = (
			);
			inputPaths = (
				"${PODS_PODFILE_DIR_PATH}/Podfile.lock",
				"${PODS_ROOT}/Manifest.lock",
			);
			name = "[CP] Check Pods Manifest.lock";
			outputFileListPaths = (
			);
			outputPaths = (
				"$(DERIVED_FILE_DIR)/Pods-MusiciansToolkit-checkManifestLockResult.txt",
			);
			runOnlyForDeploymentPostprocessing = 0;
			shellPath = /bin/sh;
			shellScript = "diff \"${PODS_PODFILE_DIR_PATH}/Podfile.lock\" \"${PODS_ROOT}/Manifest.lock\" > /dev/null\nif [ $? != 0 ] ; then\n    # print error to STDERR\n    echo \"error: The sandbox is not in sync with the Podfile.lock. Run 'pod install' or update your CocoaPods installation.\" >&2\n    exit 1\nfi\n# This output is used by Xcode 'outputs' to avoid re-running this script phase.\necho \"SUCCESS\" > \"${SCRIPT_OUTPUT_FILE_0}\"\n";
			showEnvVarsInLog = 0;
		};
/* End PBXShellScriptBuildPhase section */

/* Begin PBXSourcesBuildPhase section */
		238B2429218697C700828CBF /* Sources */ = {
			isa = PBXSourcesBuildPhase;
			buildActionMask = 2147483647;
			files = (
				23A5B1642190E20600FD2898 /* Model.swift in Sources */,
				239F219421A29A2B00A497A9 /* ChordBankTableViewController.swift in Sources */,
				23AB80A1219BF596006458BF /* TunerViewController.swift in Sources */,
				23EAFFA82190F68D0091B0DC /* MetronomeViewController.swift in Sources */,
				23A5B1612190E1DD00FD2898 /* HomePageCollectionViewController.swift in Sources */,
				23429C5D219CDBF5000C8AC0 /* Audio.swift in Sources */,
				2356DA872197994800D7018A /* Metronome.swift in Sources */,
				232191F3219B83C90008FD19 /* Tuner.swift in Sources */,
				238B2433218697C700828CBF /* ViewController.swift in Sources */,
				23EAFFA62190E8350091B0DC /* HomePageCell.swift in Sources */,
				238B2431218697C700828CBF /* AppDelegate.swift in Sources */,
			);
			runOnlyForDeploymentPostprocessing = 0;
		};
		238B243D218697CA00828CBF /* Sources */ = {
			isa = PBXSourcesBuildPhase;
			buildActionMask = 2147483647;
			files = (
				238B2446218697CA00828CBF /* MusiciansToolkitTests.swift in Sources */,
			);
			runOnlyForDeploymentPostprocessing = 0;
		};
/* End PBXSourcesBuildPhase section */

/* Begin PBXTargetDependency section */
		238B2443218697CA00828CBF /* PBXTargetDependency */ = {
			isa = PBXTargetDependency;
			target = 238B242C218697C700828CBF /* MusiciansToolkit */;
			targetProxy = 238B2442218697CA00828CBF /* PBXContainerItemProxy */;
		};
/* End PBXTargetDependency section */

/* Begin PBXVariantGroup section */
		238B2434218697C700828CBF /* Main.storyboard */ = {
			isa = PBXVariantGroup;
			children = (
				238B2435218697C700828CBF /* Base */,
			);
			name = Main.storyboard;
			sourceTree = "<group>";
		};
		238B2439218697CA00828CBF /* LaunchScreen.storyboard */ = {
			isa = PBXVariantGroup;
			children = (
				238B243A218697CA00828CBF /* Base */,
			);
			name = LaunchScreen.storyboard;
			sourceTree = "<group>";
		};
/* End PBXVariantGroup section */

/* Begin XCBuildConfiguration section */
		238B2448218697CA00828CBF /* Debug */ = {
			isa = XCBuildConfiguration;
			buildSettings = {
				ALWAYS_SEARCH_USER_PATHS = NO;
				CLANG_ANALYZER_NONNULL = YES;
				CLANG_ANALYZER_NUMBER_OBJECT_CONVERSION = YES_AGGRESSIVE;
				CLANG_CXX_LANGUAGE_STANDARD = "gnu++14";
				CLANG_CXX_LIBRARY = "libc++";
				CLANG_ENABLE_MODULES = YES;
				CLANG_ENABLE_OBJC_ARC = YES;
				CLANG_ENABLE_OBJC_WEAK = YES;
				CLANG_WARN_BLOCK_CAPTURE_AUTORELEASING = YES;
				CLANG_WARN_BOOL_CONVERSION = YES;
				CLANG_WARN_COMMA = YES;
				CLANG_WARN_CONSTANT_CONVERSION = YES;
				CLANG_WARN_DEPRECATED_OBJC_IMPLEMENTATIONS = YES;
				CLANG_WARN_DIRECT_OBJC_ISA_USAGE = YES_ERROR;
				CLANG_WARN_DOCUMENTATION_COMMENTS = YES;
				CLANG_WARN_EMPTY_BODY = YES;
				CLANG_WARN_ENUM_CONVERSION = YES;
				CLANG_WARN_INFINITE_RECURSION = YES;
				CLANG_WARN_INT_CONVERSION = YES;
				CLANG_WARN_NON_LITERAL_NULL_CONVERSION = YES;
				CLANG_WARN_OBJC_IMPLICIT_RETAIN_SELF = YES;
				CLANG_WARN_OBJC_LITERAL_CONVERSION = YES;
				CLANG_WARN_OBJC_ROOT_CLASS = YES_ERROR;
				CLANG_WARN_RANGE_LOOP_ANALYSIS = YES;
				CLANG_WARN_STRICT_PROTOTYPES = YES;
				CLANG_WARN_SUSPICIOUS_MOVE = YES;
				CLANG_WARN_UNGUARDED_AVAILABILITY = YES_AGGRESSIVE;
				CLANG_WARN_UNREACHABLE_CODE = YES;
				CLANG_WARN__DUPLICATE_METHOD_MATCH = YES;
				CODE_SIGN_IDENTITY = "iPhone Developer";
				COPY_PHASE_STRIP = NO;
				DEBUG_INFORMATION_FORMAT = dwarf;
				ENABLE_STRICT_OBJC_MSGSEND = YES;
				ENABLE_TESTABILITY = YES;
				GCC_C_LANGUAGE_STANDARD = gnu11;
				GCC_DYNAMIC_NO_PIC = NO;
				GCC_NO_COMMON_BLOCKS = YES;
				GCC_OPTIMIZATION_LEVEL = 0;
				GCC_PREPROCESSOR_DEFINITIONS = (
					"DEBUG=1",
					"$(inherited)",
				);
				GCC_WARN_64_TO_32_BIT_CONVERSION = YES;
				GCC_WARN_ABOUT_RETURN_TYPE = YES_ERROR;
				GCC_WARN_UNDECLARED_SELECTOR = YES;
				GCC_WARN_UNINITIALIZED_AUTOS = YES_AGGRESSIVE;
				GCC_WARN_UNUSED_FUNCTION = YES;
				GCC_WARN_UNUSED_VARIABLE = YES;
				IPHONEOS_DEPLOYMENT_TARGET = 11.3;
				MTL_ENABLE_DEBUG_INFO = YES;
				ONLY_ACTIVE_ARCH = YES;
				SDKROOT = iphoneos;
				SWIFT_ACTIVE_COMPILATION_CONDITIONS = DEBUG;
				SWIFT_OPTIMIZATION_LEVEL = "-Onone";
			};
			name = Debug;
		};
		238B2449218697CA00828CBF /* Release */ = {
			isa = XCBuildConfiguration;
			buildSettings = {
				ALWAYS_SEARCH_USER_PATHS = NO;
				CLANG_ANALYZER_NONNULL = YES;
				CLANG_ANALYZER_NUMBER_OBJECT_CONVERSION = YES_AGGRESSIVE;
				CLANG_CXX_LANGUAGE_STANDARD = "gnu++14";
				CLANG_CXX_LIBRARY = "libc++";
				CLANG_ENABLE_MODULES = YES;
				CLANG_ENABLE_OBJC_ARC = YES;
				CLANG_ENABLE_OBJC_WEAK = YES;
				CLANG_WARN_BLOCK_CAPTURE_AUTORELEASING = YES;
				CLANG_WARN_BOOL_CONVERSION = YES;
				CLANG_WARN_COMMA = YES;
				CLANG_WARN_CONSTANT_CONVERSION = YES;
				CLANG_WARN_DEPRECATED_OBJC_IMPLEMENTATIONS = YES;
				CLANG_WARN_DIRECT_OBJC_ISA_USAGE = YES_ERROR;
				CLANG_WARN_DOCUMENTATION_COMMENTS = YES;
				CLANG_WARN_EMPTY_BODY = YES;
				CLANG_WARN_ENUM_CONVERSION = YES;
				CLANG_WARN_INFINITE_RECURSION = YES;
				CLANG_WARN_INT_CONVERSION = YES;
				CLANG_WARN_NON_LITERAL_NULL_CONVERSION = YES;
				CLANG_WARN_OBJC_IMPLICIT_RETAIN_SELF = YES;
				CLANG_WARN_OBJC_LITERAL_CONVERSION = YES;
				CLANG_WARN_OBJC_ROOT_CLASS = YES_ERROR;
				CLANG_WARN_RANGE_LOOP_ANALYSIS = YES;
				CLANG_WARN_STRICT_PROTOTYPES = YES;
				CLANG_WARN_SUSPICIOUS_MOVE = YES;
				CLANG_WARN_UNGUARDED_AVAILABILITY = YES_AGGRESSIVE;
				CLANG_WARN_UNREACHABLE_CODE = YES;
				CLANG_WARN__DUPLICATE_METHOD_MATCH = YES;
				CODE_SIGN_IDENTITY = "iPhone Developer";
				COPY_PHASE_STRIP = NO;
				DEBUG_INFORMATION_FORMAT = "dwarf-with-dsym";
				ENABLE_NS_ASSERTIONS = NO;
				ENABLE_STRICT_OBJC_MSGSEND = YES;
				GCC_C_LANGUAGE_STANDARD = gnu11;
				GCC_NO_COMMON_BLOCKS = YES;
				GCC_WARN_64_TO_32_BIT_CONVERSION = YES;
				GCC_WARN_ABOUT_RETURN_TYPE = YES_ERROR;
				GCC_WARN_UNDECLARED_SELECTOR = YES;
				GCC_WARN_UNINITIALIZED_AUTOS = YES_AGGRESSIVE;
				GCC_WARN_UNUSED_FUNCTION = YES;
				GCC_WARN_UNUSED_VARIABLE = YES;
				IPHONEOS_DEPLOYMENT_TARGET = 11.3;
				MTL_ENABLE_DEBUG_INFO = NO;
				SDKROOT = iphoneos;
				SWIFT_COMPILATION_MODE = wholemodule;
				SWIFT_OPTIMIZATION_LEVEL = "-O";
				VALIDATE_PRODUCT = YES;
			};
			name = Release;
		};
		238B244B218697CA00828CBF /* Debug */ = {
			isa = XCBuildConfiguration;
			baseConfigurationReference = 9DC4D9A874B19981F29540AE /* Pods-MusiciansToolkit.debug.xcconfig */;
			buildSettings = {
				ASSETCATALOG_COMPILER_APPICON_NAME = AppIcon;
				CODE_SIGN_STYLE = Automatic;
				DEVELOPMENT_TEAM = CN827DJS65;
				INFOPLIST_FILE = MusiciansToolkit/Info.plist;
				IPHONEOS_DEPLOYMENT_TARGET = 11.4;
				LD_RUNPATH_SEARCH_PATHS = (
					"$(inherited)",
					"@executable_path/Frameworks",
				);
				PRODUCT_BUNDLE_IDENTIFIER = mkp5284.MusiciansToolkit;
				PRODUCT_NAME = "$(TARGET_NAME)";
				SWIFT_VERSION = 4.0;
				TARGETED_DEVICE_FAMILY = "1,2";
			};
			name = Debug;
		};
		238B244C218697CA00828CBF /* Release */ = {
			isa = XCBuildConfiguration;
			baseConfigurationReference = FE30C49992700F74E54EB02D /* Pods-MusiciansToolkit.release.xcconfig */;
			buildSettings = {
				ASSETCATALOG_COMPILER_APPICON_NAME = AppIcon;
				CODE_SIGN_STYLE = Automatic;
				DEVELOPMENT_TEAM = CN827DJS65;
				INFOPLIST_FILE = MusiciansToolkit/Info.plist;
				IPHONEOS_DEPLOYMENT_TARGET = 11.4;
				LD_RUNPATH_SEARCH_PATHS = (
					"$(inherited)",
					"@executable_path/Frameworks",
				);
				PRODUCT_BUNDLE_IDENTIFIER = mkp5284.MusiciansToolkit;
				PRODUCT_NAME = "$(TARGET_NAME)";
				SWIFT_VERSION = 4.0;
				TARGETED_DEVICE_FAMILY = "1,2";
			};
			name = Release;
		};
		238B244E218697CA00828CBF /* Debug */ = {
			isa = XCBuildConfiguration;
			baseConfigurationReference = E802975274F1A1E3926E4E91 /* Pods-MusiciansToolkitTests.debug.xcconfig */;
			buildSettings = {
				ALWAYS_EMBED_SWIFT_STANDARD_LIBRARIES = YES;
				BUNDLE_LOADER = "$(TEST_HOST)";
				CODE_SIGN_STYLE = Automatic;
				DEVELOPMENT_TEAM = CN827DJS65;
				INFOPLIST_FILE = MusiciansToolkitTests/Info.plist;
				LD_RUNPATH_SEARCH_PATHS = (
					"$(inherited)",
					"@executable_path/Frameworks",
					"@loader_path/Frameworks",
				);
				PRODUCT_BUNDLE_IDENTIFIER = mkp5284.MusiciansToolkitTests;
				PRODUCT_NAME = "$(TARGET_NAME)";
				SWIFT_VERSION = 4.0;
				TARGETED_DEVICE_FAMILY = "1,2";
				TEST_HOST = "$(BUILT_PRODUCTS_DIR)/MusiciansToolkit.app/MusiciansToolkit";
			};
			name = Debug;
		};
		238B244F218697CA00828CBF /* Release */ = {
			isa = XCBuildConfiguration;
			baseConfigurationReference = 9F87A25FE4706D6C3F5D25CF /* Pods-MusiciansToolkitTests.release.xcconfig */;
			buildSettings = {
				ALWAYS_EMBED_SWIFT_STANDARD_LIBRARIES = YES;
				BUNDLE_LOADER = "$(TEST_HOST)";
				CODE_SIGN_STYLE = Automatic;
				DEVELOPMENT_TEAM = CN827DJS65;
				INFOPLIST_FILE = MusiciansToolkitTests/Info.plist;
				LD_RUNPATH_SEARCH_PATHS = (
					"$(inherited)",
					"@executable_path/Frameworks",
					"@loader_path/Frameworks",
				);
				PRODUCT_BUNDLE_IDENTIFIER = mkp5284.MusiciansToolkitTests;
				PRODUCT_NAME = "$(TARGET_NAME)";
				SWIFT_VERSION = 4.0;
				TARGETED_DEVICE_FAMILY = "1,2";
				TEST_HOST = "$(BUILT_PRODUCTS_DIR)/MusiciansToolkit.app/MusiciansToolkit";
			};
			name = Release;
		};
/* End XCBuildConfiguration section */

/* Begin XCConfigurationList section */
		238B2428218697C700828CBF /* Build configuration list for PBXProject "MusiciansToolkit" */ = {
			isa = XCConfigurationList;
			buildConfigurations = (
				238B2448218697CA00828CBF /* Debug */,
				238B2449218697CA00828CBF /* Release */,
			);
			defaultConfigurationIsVisible = 0;
			defaultConfigurationName = Release;
		};
		238B244A218697CA00828CBF /* Build configuration list for PBXNativeTarget "MusiciansToolkit" */ = {
			isa = XCConfigurationList;
			buildConfigurations = (
				238B244B218697CA00828CBF /* Debug */,
				238B244C218697CA00828CBF /* Release */,
			);
			defaultConfigurationIsVisible = 0;
			defaultConfigurationName = Release;
		};
		238B244D218697CA00828CBF /* Build configuration list for PBXNativeTarget "MusiciansToolkitTests" */ = {
			isa = XCConfigurationList;
			buildConfigurations = (
				238B244E218697CA00828CBF /* Debug */,
				238B244F218697CA00828CBF /* Release */,
			);
			defaultConfigurationIsVisible = 0;
			defaultConfigurationName = Release;
		};
/* End XCConfigurationList section */
	};
	rootObject = 238B2425218697C700828CBF /* Project object */;
}
